
Microsoft Visual Studio Solution File, Format Version 12.00
# Visual Studio Version 16
VisualStudioVersion = 16.0.31229.75
MinimumVisualStudioVersion = 10.0.40219.1
Project("{9A19103F-16F7-4668-BE54-9A1E7A4F7556}") = "ExamenTecnico", "ExamenTecnico\ExamenTecnico.csproj", "{C9779631-94E1-418C-BD93-78505B9B86EC}"
EndProject
Project("{FAE04EC0-301F-11D3-BF4B-00C04F79EFBC}") = "Tests", "Tests\Tests.csproj", "{B29050AA-49AD-4729-A544-720345D585C8}"
EndProject
Global
	GlobalSection(SolutionConfigurationPlatforms) = preSolution
		Debug|Any CPU = Debug|Any CPU
		Release|Any CPU = Release|Any CPU
	EndGlobalSection
	GlobalSection(ProjectConfigurationPlatforms) = postSolution
		{C9779631-94E1-418C-BD93-78505B9B86EC}.Debug|Any CPU.ActiveCfg = Debug|Any CPU
		{C9779631-94E1-418C-BD93-78505B9B86EC}.Debug|Any CPU.Build.0 = Debug|Any CPU
		{C9779631-94E1-418C-BD93-78505B9B86EC}.Release|Any CPU.ActiveCfg = Release|Any CPU
		{C9779631-94E1-418C-BD93-78505B9B86EC}.Release|Any CPU.Build.0 = Release|Any CPU
		{B29050AA-49AD-4729-A544-720345D585C8}.Debug|Any CPU.ActiveCfg = Debug|Any CPU
		{B29050AA-49AD-4729-A544-720345D585C8}.Debug|Any CPU.Build.0 = Debug|Any CPU
		{B29050AA-49AD-4729-A544-720345D585C8}.Release|Any CPU.ActiveCfg = Release|Any CPU
		{B29050AA-49AD-4729-A544-720345D585C8}.Release|Any CPU.Build.0 = Release|Any CPU
	EndGlobalSection
	GlobalSection(SolutionProperties) = preSolution
		HideSolutionNode = FALSE
	EndGlobalSection
	GlobalSection(ExtensibilityGlobals) = postSolution
		SolutionGuid = {4FC6A557-84DB-44D7-8EE0-BECB90260353}
	EndGlobalSection
EndGlobal
